
Microsoft Visual Studio Solution File, Format Version 12.00
# Visual Studio Version 16
VisualStudioVersion = 16.0.30413.136
MinimumVisualStudioVersion = 10.0.40219.1
Project("{FAE04EC0-301F-11D3-BF4B-00C04F79EFBC}") = "tucontrol", "tucontrol.csproj", "{CC03CF5A-C89B-42B5-B76F-EC7C1EE708E8}"
EndProject
Global
	GlobalSection(SolutionConfigurationPlatforms) = preSolution
		Debug|Any CPU = Debug|Any CPU
		Release|Any CPU = Release|Any CPU
	EndGlobalSection
	GlobalSection(ProjectConfigurationPlatforms) = postSolution
		{CC03CF5A-C89B-42B5-B76F-EC7C1EE708E8}.Debug|Any CPU.ActiveCfg = Debug|Any CPU
		{CC03CF5A-C89B-42B5-B76F-EC7C1EE708E8}.Debug|Any CPU.Build.0 = Debug|Any CPU
		{CC03CF5A-C89B-42B5-B76F-EC7C1EE708E8}.Release|Any CPU.ActiveCfg = Release|Any CPU
		{CC03CF5A-C89B-42B5-B76F-EC7C1EE708E8}.Release|Any CPU.Build.0 = Release|Any CPU
	EndGlobalSection
	GlobalSection(SolutionProperties) = preSolution
		HideSolutionNode = FALSE
	EndGlobalSection
	GlobalSection(ExtensibilityGlobals) = postSolution
		SolutionGuid = {6A6F4318-3D00-40C2-B02A-5432E5BEFF0C}
	EndGlobalSection
EndGlobal
